
Microsoft Visual Studio Solution File, Format Version 12.00
# Visual Studio Version 17
VisualStudioVersion = 17.0.31903.59
MinimumVisualStudioVersion = 10.0.40219.1
Project("{9A19103F-16F7-4668-BE54-9A1E7A4F7556}") = "DataLayer", "DataLayer\DataLayer.csproj", "{7BAB31CA-6C2C-4725-956F-DCADB118CAF0}"
EndProject
Project("{9A19103F-16F7-4668-BE54-9A1E7A4F7556}") = "WebApi", "WebApi\WebApi.csproj", "{6DA75D92-7845-4885-B94D-366CF7D67F5A}"
EndProject
Project("{9A19103F-16F7-4668-BE54-9A1E7A4F7556}") = "Tests", "Tests\Tests.csproj", "{99A91FB7-985C-46BA-83B2-D5E31154366F}"
EndProject
Global
	GlobalSection(SolutionConfigurationPlatforms) = preSolution
		Debug|Any CPU = Debug|Any CPU
		Release|Any CPU = Release|Any CPU
	EndGlobalSection
	GlobalSection(ProjectConfigurationPlatforms) = postSolution
		{7BAB31CA-6C2C-4725-956F-DCADB118CAF0}.Debug|Any CPU.ActiveCfg = Debug|Any CPU
		{7BAB31CA-6C2C-4725-956F-DCADB118CAF0}.Debug|Any CPU.Build.0 = Debug|Any CPU
		{7BAB31CA-6C2C-4725-956F-DCADB118CAF0}.Release|Any CPU.ActiveCfg = Release|Any CPU
		{7BAB31CA-6C2C-4725-956F-DCADB118CAF0}.Release|Any CPU.Build.0 = Release|Any CPU
		{6DA75D92-7845-4885-B94D-366CF7D67F5A}.Debug|Any CPU.ActiveCfg = Debug|Any CPU
		{6DA75D92-7845-4885-B94D-366CF7D67F5A}.Debug|Any CPU.Build.0 = Debug|Any CPU
		{6DA75D92-7845-4885-B94D-366CF7D67F5A}.Release|Any CPU.ActiveCfg = Release|Any CPU
		{6DA75D92-7845-4885-B94D-366CF7D67F5A}.Release|Any CPU.Build.0 = Release|Any CPU
		{99A91FB7-985C-46BA-83B2-D5E31154366F}.Debug|Any CPU.ActiveCfg = Debug|Any CPU
		{99A91FB7-985C-46BA-83B2-D5E31154366F}.Debug|Any CPU.Build.0 = Debug|Any CPU
		{99A91FB7-985C-46BA-83B2-D5E31154366F}.Release|Any CPU.ActiveCfg = Release|Any CPU
		{99A91FB7-985C-46BA-83B2-D5E31154366F}.Release|Any CPU.Build.0 = Release|Any CPU
	EndGlobalSection
	GlobalSection(SolutionProperties) = preSolution
		HideSolutionNode = FALSE
	EndGlobalSection
EndGlobal
